("quicklisp" .
 (:class qlot/source/dist:source-dist
  :initargs (:distribution "https://beta.quicklisp.org/dist/quicklisp.txt" :%version :latest)
  :version "2025-06-22"))
("alexandria" .
 (:class qlot/source/ql:source-ql
  :initargs (:%version :latest)
  :version "ql-2024-10-12"))
("cl-str" .
 (:class qlot/source/ql:source-ql
  :initargs (:%version :latest)
  :version "ql-2025-06-22"))
("rove" .
 (:class qlot/source/git:source-git
  :initargs (:remote-url "https://github.com/fukamachi/rove")
  :version "git-1a4474901e7ab49e8184241dd88e74c95233195a"))
("mstrings" .
 (:class qlot/source/git:source-git
  :initargs (:remote-url "https://git.sr.ht/~shunter/mstrings")
  :version "git-7a94c070141c7cd03bbd3648b17724c3bf143393"))
